
Microsoft Visual Studio Solution File, Format Version 12.00
# Visual Studio Version 17
VisualStudioVersion = 17.6.33815.320
MinimumVisualStudioVersion = 10.0.40219.1
Project("{FAE04EC0-301F-11D3-BF4B-00C04F79EFBC}") = "DZ C# NET6", "DZ C# NET6\DZ C# NET6.csproj", "{8815325F-EF16-44E1-BABA-F385D784B5DA}"
EndProject
Global
	GlobalSection(SolutionConfigurationPlatforms) = preSolution
		Debug|Any CPU = Debug|Any CPU
		Release|Any CPU = Release|Any CPU
	EndGlobalSection
	GlobalSection(ProjectConfigurationPlatforms) = postSolution
		{8815325F-EF16-44E1-BABA-F385D784B5DA}.Debug|Any CPU.ActiveCfg = Debug|Any CPU
		{8815325F-EF16-44E1-BABA-F385D784B5DA}.Debug|Any CPU.Build.0 = Debug|Any CPU
		{8815325F-EF16-44E1-BABA-F385D784B5DA}.Release|Any CPU.ActiveCfg = Release|Any CPU
		{8815325F-EF16-44E1-BABA-F385D784B5DA}.Release|Any CPU.Build.0 = Release|Any CPU
	EndGlobalSection
	GlobalSection(SolutionProperties) = preSolution
		HideSolutionNode = FALSE
	EndGlobalSection
	GlobalSection(ExtensibilityGlobals) = postSolution
		SolutionGuid = {6B6FDD9E-A3A5-4413-8309-5B4E64708A80}
	EndGlobalSection
EndGlobal
